
Microsoft Visual Studio Solution File, Format Version 12.00
# Visual Studio Version 16
VisualStudioVersion = 16.0.30128.74
MinimumVisualStudioVersion = 10.0.40219.1
Project("{FAE04EC0-301F-11D3-BF4B-00C04F79EFBC}") = "ler_nome_e_idade", "ler_nome_e_idade\ler_nome_e_idade.csproj", "{624082F5-5272-4805-ABEF-727C1DA87294}"
EndProject
Global
	GlobalSection(SolutionConfigurationPlatforms) = preSolution
		Debug|Any CPU = Debug|Any CPU
		Release|Any CPU = Release|Any CPU
	EndGlobalSection
	GlobalSection(ProjectConfigurationPlatforms) = postSolution
		{624082F5-5272-4805-ABEF-727C1DA87294}.Debug|Any CPU.ActiveCfg = Debug|Any CPU
		{624082F5-5272-4805-ABEF-727C1DA87294}.Debug|Any CPU.Build.0 = Debug|Any CPU
		{624082F5-5272-4805-ABEF-727C1DA87294}.Release|Any CPU.ActiveCfg = Release|Any CPU
		{624082F5-5272-4805-ABEF-727C1DA87294}.Release|Any CPU.Build.0 = Release|Any CPU
	EndGlobalSection
	GlobalSection(SolutionProperties) = preSolution
		HideSolutionNode = FALSE
	EndGlobalSection
	GlobalSection(ExtensibilityGlobals) = postSolution
		SolutionGuid = {92A2BB71-80EB-4D76-A445-53E2C2340DD3}
	EndGlobalSection
EndGlobal
